<Solution>
  <Project Path="MK.Toon.Editor.csproj" />
  <Project Path="MK.Toon.Examples.csproj" />
  <Project Path="Deform.csproj" />
  <Project Path="Assembly-CSharp.csproj" />
  <Project Path="DeformEditor.csproj" />
  <Project Path="Lattice.Runtime.csproj" />
  <Project Path="CFXRRuntime.csproj" />
  <Project Path="FMODUnityResonanceEditor.csproj" />
  <Project Path="CFXRDemo.csproj" />
  <Project Path="CFXREditor.csproj" />
  <Project Path="FMODUnityEditor.csproj" />
  <Project Path="FMODUnity.csproj" />
  <Project Path="MK.RampCreator.csproj" />
  <Project Path="MK.Toon.csproj" />
  <Project Path="Beans.Unity.Editor.csproj" />
  <Project Path="KinoBloom.Runtime.csproj" />
  <Project Path="Lattice.Editor.csproj" />
  <Project Path="FMODUnityResonance.csproj" />
  <Project Path="MK.Toon.VariantsManager.csproj" />
  <Project Path="CFXR.WelcomeScreen.csproj" />
  <Project Path="ToonyColorsPro.Demo.Editor.csproj" />
  <Project Path="Beans.Unity.Mathematics.csproj" />
  <Project Path="MK.MeshUtility.csproj" />
  <Project Path="MK.Toon.URP.Editor.csproj" />
  <Project Path="MK.MKTextureChannelPacker.csproj" />
  <Project Path="MK.Toon.URP.csproj" />
  <Project Path="Beans.Unity.Collections.csproj" />
</Solution>
